
Microsoft Visual Studio Solution File, Format Version 12.00
# Visual Studio Version 17
VisualStudioVersion = 17.7.34031.279
MinimumVisualStudioVersion = 10.0.40219.1
Project("{FAE04EC0-301F-11D3-BF4B-00C04F79EFBC}") = "Calculator", "Calculator.csproj", "{B138797C-70F7-473C-9E29-4EC5D1B72E26}"
EndProject
Global
	GlobalSection(SolutionConfigurationPlatforms) = preSolution
		Debug|Any CPU = Debug|Any CPU
		Release|Any CPU = Release|Any CPU
	EndGlobalSection
	GlobalSection(ProjectConfigurationPlatforms) = postSolution
		{B138797C-70F7-473C-9E29-4EC5D1B72E26}.Debug|Any CPU.ActiveCfg = Debug|Any CPU
		{B138797C-70F7-473C-9E29-4EC5D1B72E26}.Debug|Any CPU.Build.0 = Debug|Any CPU
		{B138797C-70F7-473C-9E29-4EC5D1B72E26}.Release|Any CPU.ActiveCfg = Release|Any CPU
		{B138797C-70F7-473C-9E29-4EC5D1B72E26}.Release|Any CPU.Build.0 = Release|Any CPU
	EndGlobalSection
	GlobalSection(SolutionProperties) = preSolution
		HideSolutionNode = FALSE
	EndGlobalSection
	GlobalSection(ExtensibilityGlobals) = postSolution
		SolutionGuid = {5F4D987E-1384-424B-8273-242C0847D0D8}
	EndGlobalSection
EndGlobal
